
Microsoft Visual Studio Solution File, Format Version 12.00
# Visual Studio Version 17
VisualStudioVersion = 17.14.36429.23 d17.14
MinimumVisualStudioVersion = 10.0.40219.1
Project("{FAE04EC0-301F-11D3-BF4B-00C04F79EFBC}") = "Viragok", "ConsoleApp1\Viragok.csproj", "{0E4E0490-C789-429E-A9CD-7B18D7A62366}"
EndProject
Global
	GlobalSection(SolutionConfigurationPlatforms) = preSolution
		Debug|Any CPU = Debug|Any CPU
		Release|Any CPU = Release|Any CPU
	EndGlobalSection
	GlobalSection(ProjectConfigurationPlatforms) = postSolution
		{0E4E0490-C789-429E-A9CD-7B18D7A62366}.Debug|Any CPU.ActiveCfg = Debug|Any CPU
		{0E4E0490-C789-429E-A9CD-7B18D7A62366}.Debug|Any CPU.Build.0 = Debug|Any CPU
		{0E4E0490-C789-429E-A9CD-7B18D7A62366}.Release|Any CPU.ActiveCfg = Release|Any CPU
		{0E4E0490-C789-429E-A9CD-7B18D7A62366}.Release|Any CPU.Build.0 = Release|Any CPU
	EndGlobalSection
	GlobalSection(SolutionProperties) = preSolution
		HideSolutionNode = FALSE
	EndGlobalSection
	GlobalSection(ExtensibilityGlobals) = postSolution
		SolutionGuid = {C6FAD322-E1BC-4E49-B581-8C3D3EC50015}
	EndGlobalSection
EndGlobal
